
Microsoft Visual Studio Solution File, Format Version 12.00
# Visual Studio Version 17
VisualStudioVersion = 17.11.35312.102
MinimumVisualStudioVersion = 10.0.40219.1
Project("{FAE04EC0-301F-11D3-BF4B-00C04F79EFBC}") = "MinimalApi", "MinimalApi\MinimalApi.csproj", "{65FA119C-CD73-41C4-81F3-4738422CDB84}"
EndProject
Global
	GlobalSection(SolutionConfigurationPlatforms) = preSolution
		Debug|Any CPU = Debug|Any CPU
		Release|Any CPU = Release|Any CPU
	EndGlobalSection
	GlobalSection(ProjectConfigurationPlatforms) = postSolution
		{65FA119C-CD73-41C4-81F3-4738422CDB84}.Debug|Any CPU.ActiveCfg = Debug|Any CPU
		{65FA119C-CD73-41C4-81F3-4738422CDB84}.Debug|Any CPU.Build.0 = Debug|Any CPU
		{65FA119C-CD73-41C4-81F3-4738422CDB84}.Release|Any CPU.ActiveCfg = Release|Any CPU
		{65FA119C-CD73-41C4-81F3-4738422CDB84}.Release|Any CPU.Build.0 = Release|Any CPU
	EndGlobalSection
	GlobalSection(SolutionProperties) = preSolution
		HideSolutionNode = FALSE
	EndGlobalSection
	GlobalSection(ExtensibilityGlobals) = postSolution
		SolutionGuid = {11E387E4-5134-4056-8217-968E7E94A1D3}
	EndGlobalSection
EndGlobal
